// !$*UTF8*$!
{
	archiveVersion = 1;
	classes = {
	};
	objectVersion = 77;
	objects = {

/* Begin PBXBuildFile section */
		05C512EC741C2F8FF0567B60 /* DateStripView.swift in Sources */ = {isa = PBXBuildFile; fileRef = EEFBBFA6E77E53AB07F363F8 /* DateStripView.swift */; };
		0DF3D3F23E98EA124B651A81 /* Assets.xcassets in Resources */ = {isa = PBXBuildFile; fileRef = F095E13490F78BE2F1A4CCEA /* Assets.xcassets */; };
		4CE051E90D8913DAB7C6BB96 /* GameEndpoint.swift in Sources */ = {isa = PBXBuildFile; fileRef = A346CA0BC3D166BB811B8DCB /* GameEndpoint.swift */; };
		51329F73FB2E339546CCABF1 /* GlassKit in Frameworks */ = {isa = PBXBuildFile; productRef = 3D4CAA6464DC9A7414EC1069 /* GlassKit */; };
		5968F9C59B80301C849BC31E /* TeamModel.swift in Sources */ = {isa = PBXBuildFile; fileRef = B882045985E0A980A11BC41C /* TeamModel.swift */; };
		5DA93E1A6C369D806A14D77A /* AppTabTests.swift in Sources */ = {isa = PBXBuildFile; fileRef = 4516BA235EA9F3B2FCCE5926 /* AppTabTests.swift */; };
		633E2899DBE9C7EE96522BFF /* BarDownApp.swift in Sources */ = {isa = PBXBuildFile; fileRef = 523969EF31D6B0AB66D80F9B /* BarDownApp.swift */; };
		6FA18055659AF44452C88412 /* ScoreboardViewModel.swift in Sources */ = {isa = PBXBuildFile; fileRef = 92F33CE0B415CC99B7FDDA2A /* ScoreboardViewModel.swift */; };
		6FD7D700A6473CAABA00D0C3 /* ScoreboardTab.swift in Sources */ = {isa = PBXBuildFile; fileRef = ED8A42FB163DAAFEE07A0C9D /* ScoreboardTab.swift */; };
		72EE4086BEFEEBA1B8B9F30E /* Preview Assets.xcassets in Resources */ = {isa = PBXBuildFile; fileRef = 8771D06F4188016E33A7D7FA /* Preview Assets.xcassets */; };
		7A011A11604C3F2AE1F9DEB7 /* GameCardView.swift in Sources */ = {isa = PBXBuildFile; fileRef = C3FC1CE2750110FCDC1534A4 /* GameCardView.swift */; };
		8760B51733E1331C77F76DD4 /* RankingsTab.swift in Sources */ = {isa = PBXBuildFile; fileRef = E00377A6878DFF83EB4C0A0D /* RankingsTab.swift */; };
		8AADE8D2E572D303C6B91A01 /* GameModelTests.swift in Sources */ = {isa = PBXBuildFile; fileRef = F9F7B0D1D1F84035F44D576E /* GameModelTests.swift */; };
		8B5B51312CFC7F2F64CBBA24 /* APIClient.swift in Sources */ = {isa = PBXBuildFile; fileRef = 3DB21E7AD5660F34C33EB724 /* APIClient.swift */; };
		91E720BC6EA4D0B413BBF60C /* ContentView.swift in Sources */ = {isa = PBXBuildFile; fileRef = D8A4138D6CA8505A5DC7259A /* ContentView.swift */; };
		9AEA7473B6ACDFF4AC3EB7DD /* LiveIndicator.swift in Sources */ = {isa = PBXBuildFile; fileRef = E9C2C3C100C87043AF6A6081 /* LiveIndicator.swift */; };
		9BD7AA50B1C9E8F225C915DA /* TeamsTab.swift in Sources */ = {isa = PBXBuildFile; fileRef = 46D7215DCDE3CD18D758066A /* TeamsTab.swift */; };
		A420274BF958E92A8B2E7775 /* games-response.json in Resources */ = {isa = PBXBuildFile; fileRef = 206D10892F0676FE8186B4AC /* games-response.json */; };
		ACCA44DC591D54F0801C15BF /* GlassAuditTests.swift in Sources */ = {isa = PBXBuildFile; fileRef = 03CBBA491E3D50B003EFCFDD /* GlassAuditTests.swift */; };
		B52027274AF5FBC378DC203F /* SettingsTab.swift in Sources */ = {isa = PBXBuildFile; fileRef = E9FEEA2CE9A2441D179686F0 /* SettingsTab.swift */; };
		BF34DF6563591B7471318618 /* DateStripTests.swift in Sources */ = {isa = PBXBuildFile; fileRef = 8D6E7BED270480C031B9B2C5 /* DateStripTests.swift */; };
		D0C9D4C4B002FB28899AD171 /* GameModel.swift in Sources */ = {isa = PBXBuildFile; fileRef = 4388EFA9FEF0F4137A8E09DB /* GameModel.swift */; };
		D72C93F9B16EABA1C820C16B /* DateStripViewModel.swift in Sources */ = {isa = PBXBuildFile; fileRef = 19FC9B6A9B2A13DFE30CA9C2 /* DateStripViewModel.swift */; };
		D792C797717BD85477FC5F2A /* TeamRowView.swift in Sources */ = {isa = PBXBuildFile; fileRef = DEEA9CB5E20AF031C7601DC9 /* TeamRowView.swift */; };
		ECA14BA8FB9BDA427F9B6F4B /* CalendarSheetView.swift in Sources */ = {isa = PBXBuildFile; fileRef = 1161598EB2C36CF02884CE16 /* CalendarSheetView.swift */; };
		F635413F07C6211CF6426AF7 /* ScoreboardViewModelTests.swift in Sources */ = {isa = PBXBuildFile; fileRef = A62BEB9A9EF1C3CAEB951D67 /* ScoreboardViewModelTests.swift */; };
		F9ADD240D7C8C4AA5565F526 /* Kingfisher in Frameworks */ = {isa = PBXBuildFile; productRef = 8BF03DC6547D410849992934 /* Kingfisher */; };
		FA7078348EDC41D7F1071D27 /* ScoreCenterView.swift in Sources */ = {isa = PBXBuildFile; fileRef = 0F401D103B960F8F1C4779AC /* ScoreCenterView.swift */; };
/* End PBXBuildFile section */

/* Begin PBXContainerItemProxy section */
		068A4B83C0FF5E01E4F65AA6 /* PBXContainerItemProxy */ = {
			isa = PBXContainerItemProxy;
			containerPortal = 0B99FB5A3AD7C01D291A6572 /* Project object */;
			proxyType = 1;
			remoteGlobalIDString = 405A4AAD1C30A3534CC573DE;
			remoteInfo = BarDown;
		};
/* End PBXContainerItemProxy section */

/* Begin PBXFileReference section */
		006484B3F73032982001AC2C /* GlassKit */ = {isa = PBXFileReference; lastKnownFileType = folder; name = GlassKit; path = Packages/GlassKit; sourceTree = SOURCE_ROOT; };
		03CBBA491E3D50B003EFCFDD /* GlassAuditTests.swift */ = {isa = PBXFileReference; lastKnownFileType = sourcecode.swift; path = GlassAuditTests.swift; sourceTree = "<group>"; };
		0F401D103B960F8F1C4779AC /* ScoreCenterView.swift */ = {isa = PBXFileReference; lastKnownFileType = sourcecode.swift; path = ScoreCenterView.swift; sourceTree = "<group>"; };
		1161598EB2C36CF02884CE16 /* CalendarSheetView.swift */ = {isa = PBXFileReference; lastKnownFileType = sourcecode.swift; path = CalendarSheetView.swift; sourceTree = "<group>"; };
		19FC9B6A9B2A13DFE30CA9C2 /* DateStripViewModel.swift */ = {isa = PBXFileReference; lastKnownFileType = sourcecode.swift; path = DateStripViewModel.swift; sourceTree = "<group>"; };
		206D10892F0676FE8186B4AC /* games-response.json */ = {isa = PBXFileReference; lastKnownFileType = text.json; path = "games-response.json"; sourceTree = "<group>"; };
		3DB21E7AD5660F34C33EB724 /* APIClient.swift */ = {isa = PBXFileReference; lastKnownFileType = sourcecode.swift; path = APIClient.swift; sourceTree = "<group>"; };
		4388EFA9FEF0F4137A8E09DB /* GameModel.swift */ = {isa = PBXFileReference; lastKnownFileType = sourcecode.swift; path = GameModel.swift; sourceTree = "<group>"; };
		4516BA235EA9F3B2FCCE5926 /* AppTabTests.swift */ = {isa = PBXFileReference; lastKnownFileType = sourcecode.swift; path = AppTabTests.swift; sourceTree = "<group>"; };
		46D7215DCDE3CD18D758066A /* TeamsTab.swift */ = {isa = PBXFileReference; lastKnownFileType = sourcecode.swift; path = TeamsTab.swift; sourceTree = "<group>"; };
		523969EF31D6B0AB66D80F9B /* BarDownApp.swift */ = {isa = PBXFileReference; lastKnownFileType = sourcecode.swift; path = BarDownApp.swift; sourceTree = "<group>"; };
		8771D06F4188016E33A7D7FA /* Preview Assets.xcassets */ = {isa = PBXFileReference; lastKnownFileType = folder.assetcatalog; path = "Preview Assets.xcassets"; sourceTree = "<group>"; };
		8A0F5CAA894721BA5D64636C /* BarDown.app */ = {isa = PBXFileReference; includeInIndex = 0; lastKnownFileType = wrapper.application; path = BarDown.app; sourceTree = BUILT_PRODUCTS_DIR; };
		8D6E7BED270480C031B9B2C5 /* DateStripTests.swift */ = {isa = PBXFileReference; lastKnownFileType = sourcecode.swift; path = DateStripTests.swift; sourceTree = "<group>"; };
		919EE70719D7F2A70BB611CA /* BarDownTests.xctest */ = {isa = PBXFileReference; includeInIndex = 0; lastKnownFileType = wrapper.cfbundle; path = BarDownTests.xctest; sourceTree = BUILT_PRODUCTS_DIR; };
		92F33CE0B415CC99B7FDDA2A /* ScoreboardViewModel.swift */ = {isa = PBXFileReference; lastKnownFileType = sourcecode.swift; path = ScoreboardViewModel.swift; sourceTree = "<group>"; };
		A346CA0BC3D166BB811B8DCB /* GameEndpoint.swift */ = {isa = PBXFileReference; lastKnownFileType = sourcecode.swift; path = GameEndpoint.swift; sourceTree = "<group>"; };
		A62BEB9A9EF1C3CAEB951D67 /* ScoreboardViewModelTests.swift */ = {isa = PBXFileReference; lastKnownFileType = sourcecode.swift; path = ScoreboardViewModelTests.swift; sourceTree = "<group>"; };
		B882045985E0A980A11BC41C /* TeamModel.swift */ = {isa = PBXFileReference; lastKnownFileType = sourcecode.swift; path = TeamModel.swift; sourceTree = "<group>"; };
		C3FC1CE2750110FCDC1534A4 /* GameCardView.swift */ = {isa = PBXFileReference; lastKnownFileType = sourcecode.swift; path = GameCardView.swift; sourceTree = "<group>"; };
		D8A4138D6CA8505A5DC7259A /* ContentView.swift */ = {isa = PBXFileReference; lastKnownFileType = sourcecode.swift; path = ContentView.swift; sourceTree = "<group>"; };
		DEEA9CB5E20AF031C7601DC9 /* TeamRowView.swift */ = {isa = PBXFileReference; lastKnownFileType = sourcecode.swift; path = TeamRowView.swift; sourceTree = "<group>"; };
		E00377A6878DFF83EB4C0A0D /* RankingsTab.swift */ = {isa = PBXFileReference; lastKnownFileType = sourcecode.swift; path = RankingsTab.swift; sourceTree = "<group>"; };
		E9C2C3C100C87043AF6A6081 /* LiveIndicator.swift */ = {isa = PBXFileReference; lastKnownFileType = sourcecode.swift; path = LiveIndicator.swift; sourceTree = "<group>"; };
		E9FEEA2CE9A2441D179686F0 /* SettingsTab.swift */ = {isa = PBXFileReference; lastKnownFileType = sourcecode.swift; path = SettingsTab.swift; sourceTree = "<group>"; };
		ED8A42FB163DAAFEE07A0C9D /* ScoreboardTab.swift */ = {isa = PBXFileReference; lastKnownFileType = sourcecode.swift; path = ScoreboardTab.swift; sourceTree = "<group>"; };
		EEFBBFA6E77E53AB07F363F8 /* DateStripView.swift */ = {isa = PBXFileReference; lastKnownFileType = sourcecode.swift; path = DateStripView.swift; sourceTree = "<group>"; };
		F095E13490F78BE2F1A4CCEA /* Assets.xcassets */ = {isa = PBXFileReference; lastKnownFileType = folder.assetcatalog; path = Assets.xcassets; sourceTree = "<group>"; };
		F9F7B0D1D1F84035F44D576E /* GameModelTests.swift */ = {isa = PBXFileReference; lastKnownFileType = sourcecode.swift; path = GameModelTests.swift; sourceTree = "<group>"; };
/* End PBXFileReference section */

/* Begin PBXFrameworksBuildPhase section */
		6BD2C3D7E268C751DED11144 /* Frameworks */ = {
			isa = PBXFrameworksBuildPhase;
			buildActionMask = 2147483647;
			files = (
				51329F73FB2E339546CCABF1 /* GlassKit in Frameworks */,
				F9ADD240D7C8C4AA5565F526 /* Kingfisher in Frameworks */,
			);
			runOnlyForDeploymentPostprocessing = 0;
		};
/* End PBXFrameworksBuildPhase section */

/* Begin PBXGroup section */
		1219988563B5614F5331D188 /* Fixtures */ = {
			isa = PBXGroup;
			children = (
				206D10892F0676FE8186B4AC /* games-response.json */,
			);
			path = Fixtures;
			sourceTree = "<group>";
		};
		31F98EE83D9CE22FA5DAC4B0 /* Networking */ = {
			isa = PBXGroup;
			children = (
				3DB21E7AD5660F34C33EB724 /* APIClient.swift */,
				A346CA0BC3D166BB811B8DCB /* GameEndpoint.swift */,
			);
			path = Networking;
			sourceTree = "<group>";
		};
		4AA7A5DC591E37DF008E4E2A /* BarDownTests */ = {
			isa = PBXGroup;
			children = (
				4516BA235EA9F3B2FCCE5926 /* AppTabTests.swift */,
				8D6E7BED270480C031B9B2C5 /* DateStripTests.swift */,
				F9F7B0D1D1F84035F44D576E /* GameModelTests.swift */,
				03CBBA491E3D50B003EFCFDD /* GlassAuditTests.swift */,
				A62BEB9A9EF1C3CAEB951D67 /* ScoreboardViewModelTests.swift */,
				1219988563B5614F5331D188 /* Fixtures */,
			);
			path = BarDownTests;
			sourceTree = "<group>";
		};
		58588AD52AC5E4E19EED88FB = {
			isa = PBXGroup;
			children = (
				AF81557981A8F69BD04CBEB6 /* BarDown */,
				4AA7A5DC591E37DF008E4E2A /* BarDownTests */,
				B53AAB63140B6C982674EBE2 /* Packages */,
				FD9C3E732D534E732F513A7B /* Products */,
			);
			sourceTree = "<group>";
		};
		790203C51DCEECC45634034D /* Preview Content */ = {
			isa = PBXGroup;
			children = (
				8771D06F4188016E33A7D7FA /* Preview Assets.xcassets */,
			);
			path = "Preview Content";
			sourceTree = "<group>";
		};
		8588AE68023724B24446FE52 /* Features */ = {
			isa = PBXGroup;
			children = (
				8F629C2FB21576FFE7E07016 /* Scoreboard */,
			);
			path = Features;
			sourceTree = "<group>";
		};
		8BF7406AA971E9E73C2683F9 /* Tabs */ = {
			isa = PBXGroup;
			children = (
				E00377A6878DFF83EB4C0A0D /* RankingsTab.swift */,
				ED8A42FB163DAAFEE07A0C9D /* ScoreboardTab.swift */,
				E9FEEA2CE9A2441D179686F0 /* SettingsTab.swift */,
				46D7215DCDE3CD18D758066A /* TeamsTab.swift */,
			);
			path = Tabs;
			sourceTree = "<group>";
		};
		8F629C2FB21576FFE7E07016 /* Scoreboard */ = {
			isa = PBXGroup;
			children = (
				1161598EB2C36CF02884CE16 /* CalendarSheetView.swift */,
				EEFBBFA6E77E53AB07F363F8 /* DateStripView.swift */,
				19FC9B6A9B2A13DFE30CA9C2 /* DateStripViewModel.swift */,
				C3FC1CE2750110FCDC1534A4 /* GameCardView.swift */,
				E9C2C3C100C87043AF6A6081 /* LiveIndicator.swift */,
				92F33CE0B415CC99B7FDDA2A /* ScoreboardViewModel.swift */,
				0F401D103B960F8F1C4779AC /* ScoreCenterView.swift */,
				DEEA9CB5E20AF031C7601DC9 /* TeamRowView.swift */,
			);
			path = Scoreboard;
			sourceTree = "<group>";
		};
		AF81557981A8F69BD04CBEB6 /* BarDown */ = {
			isa = PBXGroup;
			children = (
				F095E13490F78BE2F1A4CCEA /* Assets.xcassets */,
				523969EF31D6B0AB66D80F9B /* BarDownApp.swift */,
				D8A4138D6CA8505A5DC7259A /* ContentView.swift */,
				8588AE68023724B24446FE52 /* Features */,
				D48619D9B52AC1CB6FE9D0C3 /* Models */,
				31F98EE83D9CE22FA5DAC4B0 /* Networking */,
				790203C51DCEECC45634034D /* Preview Content */,
				8BF7406AA971E9E73C2683F9 /* Tabs */,
			);
			path = BarDown;
			sourceTree = "<group>";
		};
		B53AAB63140B6C982674EBE2 /* Packages */ = {
			isa = PBXGroup;
			children = (
				006484B3F73032982001AC2C /* GlassKit */,
			);
			path = Packages;
			sourceTree = "<group>";
		};
		D48619D9B52AC1CB6FE9D0C3 /* Models */ = {
			isa = PBXGroup;
			children = (
				4388EFA9FEF0F4137A8E09DB /* GameModel.swift */,
				B882045985E0A980A11BC41C /* TeamModel.swift */,
			);
			path = Models;
			sourceTree = "<group>";
		};
		FD9C3E732D534E732F513A7B /* Products */ = {
			isa = PBXGroup;
			children = (
				8A0F5CAA894721BA5D64636C /* BarDown.app */,
				919EE70719D7F2A70BB611CA /* BarDownTests.xctest */,
			);
			name = Products;
			sourceTree = "<group>";
		};
/* End PBXGroup section */

/* Begin PBXNativeTarget section */
		1F7F920CD51F3E1560C963E6 /* BarDownTests */ = {
			isa = PBXNativeTarget;
			buildConfigurationList = D25EE3B30E50FA7FD7ECEA81 /* Build configuration list for PBXNativeTarget "BarDownTests" */;
			buildPhases = (
				0F694C4FF7557083B5D7DB04 /* Sources */,
				25C507D88C6D4EAEBB7F5C4B /* Resources */,
			);
			buildRules = (
			);
			dependencies = (
				5FF292FB1D0D870097BBFF16 /* PBXTargetDependency */,
			);
			name = BarDownTests;
			packageProductDependencies = (
			);
			productName = BarDownTests;
			productReference = 919EE70719D7F2A70BB611CA /* BarDownTests.xctest */;
			productType = "com.apple.product-type.bundle.unit-test";
		};
		405A4AAD1C30A3534CC573DE /* BarDown */ = {
			isa = PBXNativeTarget;
			buildConfigurationList = A15C5FD2702E8054F35EAAA4 /* Build configuration list for PBXNativeTarget "BarDown" */;
			buildPhases = (
				4BFF324B9751E47C440F265B /* Sources */,
				89F3BDAE5A1248CEAB17B640 /* Resources */,
				6BD2C3D7E268C751DED11144 /* Frameworks */,
			);
			buildRules = (
			);
			dependencies = (
			);
			name = BarDown;
			packageProductDependencies = (
				3D4CAA6464DC9A7414EC1069 /* GlassKit */,
				8BF03DC6547D410849992934 /* Kingfisher */,
			);
			productName = BarDown;
			productReference = 8A0F5CAA894721BA5D64636C /* BarDown.app */;
			productType = "com.apple.product-type.application";
		};
/* End PBXNativeTarget section */

/* Begin PBXProject section */
		0B99FB5A3AD7C01D291A6572 /* Project object */ = {
			isa = PBXProject;
			attributes = {
				BuildIndependentTargetsInParallel = YES;
				LastUpgradeCheck = 2620;
			};
			buildConfigurationList = DAF588326D64026C31853683 /* Build configuration list for PBXProject "BarDown" */;
			compatibilityVersion = "Xcode 14.0";
			developmentRegion = en;
			hasScannedForEncodings = 0;
			knownRegions = (
				Base,
				en,
			);
			mainGroup = 58588AD52AC5E4E19EED88FB;
			minimizedProjectReferenceProxies = 1;
			packageReferences = (
				CB42287B469AF5F74813532A /* XCRemoteSwiftPackageReference "Kingfisher" */,
				B2AF7CCE489197084EE2D19A /* XCLocalSwiftPackageReference "Packages/GlassKit" */,
			);
			preferredProjectObjectVersion = 77;
			projectDirPath = "";
			projectRoot = "";
			targets = (
				405A4AAD1C30A3534CC573DE /* BarDown */,
				1F7F920CD51F3E1560C963E6 /* BarDownTests */,
			);
		};
/* End PBXProject section */

/* Begin PBXResourcesBuildPhase section */
		25C507D88C6D4EAEBB7F5C4B /* Resources */ = {
			isa = PBXResourcesBuildPhase;
			buildActionMask = 2147483647;
			files = (
				A420274BF958E92A8B2E7775 /* games-response.json in Resources */,
			);
			runOnlyForDeploymentPostprocessing = 0;
		};
		89F3BDAE5A1248CEAB17B640 /* Resources */ = {
			isa = PBXResourcesBuildPhase;
			buildActionMask = 2147483647;
			files = (
				0DF3D3F23E98EA124B651A81 /* Assets.xcassets in Resources */,
				72EE4086BEFEEBA1B8B9F30E /* Preview Assets.xcassets in Resources */,
			);
			runOnlyForDeploymentPostprocessing = 0;
		};
/* End PBXResourcesBuildPhase section */

/* Begin PBXSourcesBuildPhase section */
		0F694C4FF7557083B5D7DB04 /* Sources */ = {
			isa = PBXSourcesBuildPhase;
			buildActionMask = 2147483647;
			files = (
				5DA93E1A6C369D806A14D77A /* AppTabTests.swift in Sources */,
				BF34DF6563591B7471318618 /* DateStripTests.swift in Sources */,
				8AADE8D2E572D303C6B91A01 /* GameModelTests.swift in Sources */,
				ACCA44DC591D54F0801C15BF /* GlassAuditTests.swift in Sources */,
				F635413F07C6211CF6426AF7 /* ScoreboardViewModelTests.swift in Sources */,
			);
			runOnlyForDeploymentPostprocessing = 0;
		};
		4BFF324B9751E47C440F265B /* Sources */ = {
			isa = PBXSourcesBuildPhase;
			buildActionMask = 2147483647;
			files = (
				8B5B51312CFC7F2F64CBBA24 /* APIClient.swift in Sources */,
				633E2899DBE9C7EE96522BFF /* BarDownApp.swift in Sources */,
				ECA14BA8FB9BDA427F9B6F4B /* CalendarSheetView.swift in Sources */,
				91E720BC6EA4D0B413BBF60C /* ContentView.swift in Sources */,
				05C512EC741C2F8FF0567B60 /* DateStripView.swift in Sources */,
				D72C93F9B16EABA1C820C16B /* DateStripViewModel.swift in Sources */,
				7A011A11604C3F2AE1F9DEB7 /* GameCardView.swift in Sources */,
				4CE051E90D8913DAB7C6BB96 /* GameEndpoint.swift in Sources */,
				D0C9D4C4B002FB28899AD171 /* GameModel.swift in Sources */,
				9AEA7473B6ACDFF4AC3EB7DD /* LiveIndicator.swift in Sources */,
				8760B51733E1331C77F76DD4 /* RankingsTab.swift in Sources */,
				FA7078348EDC41D7F1071D27 /* ScoreCenterView.swift in Sources */,
				6FD7D700A6473CAABA00D0C3 /* ScoreboardTab.swift in Sources */,
				6FA18055659AF44452C88412 /* ScoreboardViewModel.swift in Sources */,
				B52027274AF5FBC378DC203F /* SettingsTab.swift in Sources */,
				5968F9C59B80301C849BC31E /* TeamModel.swift in Sources */,
				D792C797717BD85477FC5F2A /* TeamRowView.swift in Sources */,
				9BD7AA50B1C9E8F225C915DA /* TeamsTab.swift in Sources */,
			);
			runOnlyForDeploymentPostprocessing = 0;
		};
/* End PBXSourcesBuildPhase section */

/* Begin PBXTargetDependency section */
		5FF292FB1D0D870097BBFF16 /* PBXTargetDependency */ = {
			isa = PBXTargetDependency;
			target = 405A4AAD1C30A3534CC573DE /* BarDown */;
			targetProxy = 068A4B83C0FF5E01E4F65AA6 /* PBXContainerItemProxy */;
		};
/* End PBXTargetDependency section */

/* Begin XCBuildConfiguration section */
		3740856893C4A2A98B59F6B3 /* Debug */ = {
			isa = XCBuildConfiguration;
			buildSettings = {
				BUNDLE_LOADER = "$(TEST_HOST)";
				GENERATE_INFOPLIST_FILE = YES;
				LD_RUNPATH_SEARCH_PATHS = (
					"$(inherited)",
					"@executable_path/Frameworks",
					"@loader_path/Frameworks",
				);
				PRODUCT_BUNDLE_IDENTIFIER = com.bardown.app.tests;
				SDKROOT = iphoneos;
				TARGETED_DEVICE_FAMILY = "1,2";
				TEST_HOST = "$(BUILT_PRODUCTS_DIR)/BarDown.app/BarDown";
			};
			name = Debug;
		};
		6291F2339335475D27CC6DA1 /* Release */ = {
			isa = XCBuildConfiguration;
			buildSettings = {
				ASSETCATALOG_COMPILER_APPICON_NAME = AppIcon;
				ASSETCATALOG_COMPILER_GLOBAL_ACCENT_COLOR_NAME = AccentColor;
				CODE_SIGN_IDENTITY = "iPhone Developer";
				CURRENT_PROJECT_VERSION = 1;
				DEVELOPMENT_ASSET_PATHS = "\"BarDown/Preview Content\"";
				GENERATE_INFOPLIST_FILE = YES;
				INFOPLIST_GENERATION_MODE = GeneratedFile;
				INFOPLIST_KEY_APIBaseURL = "$(API_BASE_URL)";
				INFOPLIST_KEY_APIKey = "$(API_KEY)";
				LD_RUNPATH_SEARCH_PATHS = (
					"$(inherited)",
					"@executable_path/Frameworks",
				);
				MARKETING_VERSION = 1.0;
				PRODUCT_BUNDLE_IDENTIFIER = com.bardown.app;
				SDKROOT = iphoneos;
				SWIFT_EMIT_LOC_STRINGS = YES;
				TARGETED_DEVICE_FAMILY = "1,2";
			};
			name = Release;
		};
		A5B8E1076CC38A948A56E60D /* Release */ = {
			isa = XCBuildConfiguration;
			buildSettings = {
				ALWAYS_SEARCH_USER_PATHS = NO;
				CLANG_ANALYZER_NONNULL = YES;
				CLANG_ANALYZER_NUMBER_OBJECT_CONVERSION = YES_AGGRESSIVE;
				CLANG_CXX_LANGUAGE_STANDARD = "gnu++14";
				CLANG_CXX_LIBRARY = "libc++";
				CLANG_ENABLE_MODULES = YES;
				CLANG_ENABLE_OBJC_ARC = YES;
				CLANG_ENABLE_OBJC_WEAK = YES;
				CLANG_WARN_BLOCK_CAPTURE_AUTORELEASING = YES;
				CLANG_WARN_BOOL_CONVERSION = YES;
				CLANG_WARN_COMMA = YES;
				CLANG_WARN_CONSTANT_CONVERSION = YES;
				CLANG_WARN_DEPRECATED_OBJC_IMPLEMENTATIONS = YES;
				CLANG_WARN_DIRECT_OBJC_ISA_USAGE = YES_ERROR;
				CLANG_WARN_DOCUMENTATION_COMMENTS = YES;
				CLANG_WARN_EMPTY_BODY = YES;
				CLANG_WARN_ENUM_CONVERSION = YES;
				CLANG_WARN_INFINITE_RECURSION = YES;
				CLANG_WARN_INT_CONVERSION = YES;
				CLANG_WARN_NON_LITERAL_NULL_CONVERSION = YES;
				CLANG_WARN_OBJC_IMPLICIT_RETAIN_SELF = YES;
				CLANG_WARN_OBJC_LITERAL_CONVERSION = YES;
				CLANG_WARN_OBJC_ROOT_CLASS = YES_ERROR;
				CLANG_WARN_QUOTED_INCLUDE_IN_FRAMEWORK_HEADER = YES;
				CLANG_WARN_RANGE_LOOP_ANALYSIS = YES;
				CLANG_WARN_STRICT_PROTOTYPES = YES;
				CLANG_WARN_SUSPICIOUS_MOVE = YES;
				CLANG_WARN_UNGUARDED_AVAILABILITY = YES_AGGRESSIVE;
				CLANG_WARN_UNREACHABLE_CODE = YES;
				CLANG_WARN__DUPLICATE_METHOD_MATCH = YES;
				COPY_PHASE_STRIP = NO;
				DEBUG_INFORMATION_FORMAT = "dwarf-with-dsym";
				ENABLE_NS_ASSERTIONS = NO;
				ENABLE_STRICT_OBJC_MSGSEND = YES;
				GCC_C_LANGUAGE_STANDARD = gnu11;
				GCC_NO_COMMON_BLOCKS = YES;
				GCC_WARN_64_TO_32_BIT_CONVERSION = YES;
				GCC_WARN_ABOUT_RETURN_TYPE = YES_ERROR;
				GCC_WARN_UNDECLARED_SELECTOR = YES;
				GCC_WARN_UNINITIALIZED_AUTOS = YES_AGGRESSIVE;
				GCC_WARN_UNUSED_FUNCTION = YES;
				GCC_WARN_UNUSED_VARIABLE = YES;
				IPHONEOS_DEPLOYMENT_TARGET = 26.0;
				MTL_ENABLE_DEBUG_INFO = NO;
				MTL_FAST_MATH = YES;
				PRODUCT_NAME = "$(TARGET_NAME)";
				SDKROOT = iphoneos;
				SWIFT_COMPILATION_MODE = wholemodule;
				SWIFT_OPTIMIZATION_LEVEL = "-O";
				SWIFT_VERSION = 6;
				TARGETED_DEVICE_FAMILY = "1,2";
			};
			name = Release;
		};
		C115215EAFB5DB4857083F3E /* Debug */ = {
			isa = XCBuildConfiguration;
			buildSettings = {
				ALWAYS_SEARCH_USER_PATHS = NO;
				CLANG_ANALYZER_NONNULL = YES;
				CLANG_ANALYZER_NUMBER_OBJECT_CONVERSION = YES_AGGRESSIVE;
				CLANG_CXX_LANGUAGE_STANDARD = "gnu++14";
				CLANG_CXX_LIBRARY = "libc++";
				CLANG_ENABLE_MODULES = YES;
				CLANG_ENABLE_OBJC_ARC = YES;
				CLANG_ENABLE_OBJC_WEAK = YES;
				CLANG_WARN_BLOCK_CAPTURE_AUTORELEASING = YES;
				CLANG_WARN_BOOL_CONVERSION = YES;
				CLANG_WARN_COMMA = YES;
				CLANG_WARN_CONSTANT_CONVERSION = YES;
				CLANG_WARN_DEPRECATED_OBJC_IMPLEMENTATIONS = YES;
				CLANG_WARN_DIRECT_OBJC_ISA_USAGE = YES_ERROR;
				CLANG_WARN_DOCUMENTATION_COMMENTS = YES;
				CLANG_WARN_EMPTY_BODY = YES;
				CLANG_WARN_ENUM_CONVERSION = YES;
				CLANG_WARN_INFINITE_RECURSION = YES;
				CLANG_WARN_INT_CONVERSION = YES;
				CLANG_WARN_NON_LITERAL_NULL_CONVERSION = YES;
				CLANG_WARN_OBJC_IMPLICIT_RETAIN_SELF = YES;
				CLANG_WARN_OBJC_LITERAL_CONVERSION = YES;
				CLANG_WARN_OBJC_ROOT_CLASS = YES_ERROR;
				CLANG_WARN_QUOTED_INCLUDE_IN_FRAMEWORK_HEADER = YES;
				CLANG_WARN_RANGE_LOOP_ANALYSIS = YES;
				CLANG_WARN_STRICT_PROTOTYPES = YES;
				CLANG_WARN_SUSPICIOUS_MOVE = YES;
				CLANG_WARN_UNGUARDED_AVAILABILITY = YES_AGGRESSIVE;
				CLANG_WARN_UNREACHABLE_CODE = YES;
				CLANG_WARN__DUPLICATE_METHOD_MATCH = YES;
				COPY_PHASE_STRIP = NO;
				DEBUG_INFORMATION_FORMAT = dwarf;
				ENABLE_STRICT_OBJC_MSGSEND = YES;
				ENABLE_TESTABILITY = YES;
				GCC_C_LANGUAGE_STANDARD = gnu11;
				GCC_DYNAMIC_NO_PIC = NO;
				GCC_NO_COMMON_BLOCKS = YES;
				GCC_OPTIMIZATION_LEVEL = 0;
				GCC_PREPROCESSOR_DEFINITIONS = (
					"$(inherited)",
					"DEBUG=1",
				);
				GCC_WARN_64_TO_32_BIT_CONVERSION = YES;
				GCC_WARN_ABOUT_RETURN_TYPE = YES_ERROR;
				GCC_WARN_UNDECLARED_SELECTOR = YES;
				GCC_WARN_UNINITIALIZED_AUTOS = YES_AGGRESSIVE;
				GCC_WARN_UNUSED_FUNCTION = YES;
				GCC_WARN_UNUSED_VARIABLE = YES;
				IPHONEOS_DEPLOYMENT_TARGET = 26.0;
				MTL_ENABLE_DEBUG_INFO = INCLUDE_SOURCE;
				MTL_FAST_MATH = YES;
				ONLY_ACTIVE_ARCH = YES;
				PRODUCT_NAME = "$(TARGET_NAME)";
				SDKROOT = iphoneos;
				SWIFT_ACTIVE_COMPILATION_CONDITIONS = DEBUG;
				SWIFT_OPTIMIZATION_LEVEL = "-Onone";
				SWIFT_VERSION = 6;
				TARGETED_DEVICE_FAMILY = "1,2";
			};
			name = Debug;
		};
		CD09E2887D6FFA124D145AF4 /* Release */ = {
			isa = XCBuildConfiguration;
			buildSettings = {
				BUNDLE_LOADER = "$(TEST_HOST)";
				GENERATE_INFOPLIST_FILE = YES;
				LD_RUNPATH_SEARCH_PATHS = (
					"$(inherited)",
					"@executable_path/Frameworks",
					"@loader_path/Frameworks",
				);
				PRODUCT_BUNDLE_IDENTIFIER = com.bardown.app.tests;
				SDKROOT = iphoneos;
				TARGETED_DEVICE_FAMILY = "1,2";
				TEST_HOST = "$(BUILT_PRODUCTS_DIR)/BarDown.app/BarDown";
			};
			name = Release;
		};
		EF60AC14F2902A3BB90C25AB /* Debug */ = {
			isa = XCBuildConfiguration;
			buildSettings = {
				API_BASE_URL = "http://localhost:8080";
				API_KEY = "";
				ASSETCATALOG_COMPILER_APPICON_NAME = AppIcon;
				ASSETCATALOG_COMPILER_GLOBAL_ACCENT_COLOR_NAME = AccentColor;
				CODE_SIGN_IDENTITY = "iPhone Developer";
				CURRENT_PROJECT_VERSION = 1;
				DEVELOPMENT_ASSET_PATHS = "\"BarDown/Preview Content\"";
				GENERATE_INFOPLIST_FILE = YES;
				INFOPLIST_GENERATION_MODE = GeneratedFile;
				INFOPLIST_KEY_APIBaseURL = "$(API_BASE_URL)";
				INFOPLIST_KEY_APIKey = "$(API_KEY)";
				LD_RUNPATH_SEARCH_PATHS = (
					"$(inherited)",
					"@executable_path/Frameworks",
				);
				MARKETING_VERSION = 1.0;
				PRODUCT_BUNDLE_IDENTIFIER = com.bardown.app;
				SDKROOT = iphoneos;
				SWIFT_EMIT_LOC_STRINGS = YES;
				TARGETED_DEVICE_FAMILY = "1,2";
			};
			name = Debug;
		};
/* End XCBuildConfiguration section */

/* Begin XCConfigurationList section */
		A15C5FD2702E8054F35EAAA4 /* Build configuration list for PBXNativeTarget "BarDown" */ = {
			isa = XCConfigurationList;
			buildConfigurations = (
				EF60AC14F2902A3BB90C25AB /* Debug */,
				6291F2339335475D27CC6DA1 /* Release */,
			);
			defaultConfigurationIsVisible = 0;
			defaultConfigurationName = Debug;
		};
		D25EE3B30E50FA7FD7ECEA81 /* Build configuration list for PBXNativeTarget "BarDownTests" */ = {
			isa = XCConfigurationList;
			buildConfigurations = (
				3740856893C4A2A98B59F6B3 /* Debug */,
				CD09E2887D6FFA124D145AF4 /* Release */,
			);
			defaultConfigurationIsVisible = 0;
			defaultConfigurationName = Debug;
		};
		DAF588326D64026C31853683 /* Build configuration list for PBXProject "BarDown" */ = {
			isa = XCConfigurationList;
			buildConfigurations = (
				C115215EAFB5DB4857083F3E /* Debug */,
				A5B8E1076CC38A948A56E60D /* Release */,
			);
			defaultConfigurationIsVisible = 0;
			defaultConfigurationName = Debug;
		};
/* End XCConfigurationList section */

/* Begin XCLocalSwiftPackageReference section */
		B2AF7CCE489197084EE2D19A /* XCLocalSwiftPackageReference "Packages/GlassKit" */ = {
			isa = XCLocalSwiftPackageReference;
			relativePath = Packages/GlassKit;
		};
/* End XCLocalSwiftPackageReference section */

/* Begin XCRemoteSwiftPackageReference section */
		CB42287B469AF5F74813532A /* XCRemoteSwiftPackageReference "Kingfisher" */ = {
			isa = XCRemoteSwiftPackageReference;
			repositoryURL = "https://github.com/onevcat/Kingfisher.git";
			requirement = {
				kind = upToNextMinorVersion;
				minimumVersion = 8.0.0;
			};
		};
/* End XCRemoteSwiftPackageReference section */

/* Begin XCSwiftPackageProductDependency section */
		3D4CAA6464DC9A7414EC1069 /* GlassKit */ = {
			isa = XCSwiftPackageProductDependency;
			productName = GlassKit;
		};
		8BF03DC6547D410849992934 /* Kingfisher */ = {
			isa = XCSwiftPackageProductDependency;
			package = CB42287B469AF5F74813532A /* XCRemoteSwiftPackageReference "Kingfisher" */;
			productName = Kingfisher;
		};
/* End XCSwiftPackageProductDependency section */
	};
	rootObject = 0B99FB5A3AD7C01D291A6572 /* Project object */;
}
