// !$*UTF8*$!
{
	archiveVersion = 1;
	classes = {
	};
	objectVersion = 77;
	objects = {

/* Begin PBXBuildFile section */
		0DF3D3F23E98EA124B651A81 /* Assets.xcassets in Resources */ = {isa = PBXBuildFile; fileRef = F095E13490F78BE2F1A4CCEA /* Assets.xcassets */; };
		51329F73FB2E339546CCABF1 /* GlassKit in Frameworks */ = {isa = PBXBuildFile; productRef = 3D4CAA6464DC9A7414EC1069 /* GlassKit */; };
		633E2899DBE9C7EE96522BFF /* BarDownApp.swift in Sources */ = {isa = PBXBuildFile; fileRef = 523969EF31D6B0AB66D80F9B /* BarDownApp.swift */; };
		72EE4086BEFEEBA1B8B9F30E /* Preview Assets.xcassets in Resources */ = {isa = PBXBuildFile; fileRef = 8771D06F4188016E33A7D7FA /* Preview Assets.xcassets */; };
		91E720BC6EA4D0B413BBF60C /* ContentView.swift in Sources */ = {isa = PBXBuildFile; fileRef = D8A4138D6CA8505A5DC7259A /* ContentView.swift */; };
/* End PBXBuildFile section */

/* Begin PBXFileReference section */
		006484B3F73032982001AC2C /* GlassKit */ = {isa = PBXFileReference; lastKnownFileType = folder; name = GlassKit; path = Packages/GlassKit; sourceTree = SOURCE_ROOT; };
		523969EF31D6B0AB66D80F9B /* BarDownApp.swift */ = {isa = PBXFileReference; lastKnownFileType = sourcecode.swift; path = BarDownApp.swift; sourceTree = "<group>"; };
		8771D06F4188016E33A7D7FA /* Preview Assets.xcassets */ = {isa = PBXFileReference; lastKnownFileType = folder.assetcatalog; path = "Preview Assets.xcassets"; sourceTree = "<group>"; };
		8A0F5CAA894721BA5D64636C /* BarDown.app */ = {isa = PBXFileReference; includeInIndex = 0; lastKnownFileType = wrapper.application; path = BarDown.app; sourceTree = BUILT_PRODUCTS_DIR; };
		D8A4138D6CA8505A5DC7259A /* ContentView.swift */ = {isa = PBXFileReference; lastKnownFileType = sourcecode.swift; path = ContentView.swift; sourceTree = "<group>"; };
		F095E13490F78BE2F1A4CCEA /* Assets.xcassets */ = {isa = PBXFileReference; lastKnownFileType = folder.assetcatalog; path = Assets.xcassets; sourceTree = "<group>"; };
/* End PBXFileReference section */

/* Begin PBXFrameworksBuildPhase section */
		6BD2C3D7E268C751DED11144 /* Frameworks */ = {
			isa = PBXFrameworksBuildPhase;
			buildActionMask = 2147483647;
			files = (
				51329F73FB2E339546CCABF1 /* GlassKit in Frameworks */,
			);
			runOnlyForDeploymentPostprocessing = 0;
		};
/* End PBXFrameworksBuildPhase section */

/* Begin PBXGroup section */
		58588AD52AC5E4E19EED88FB = {
			isa = PBXGroup;
			children = (
				AF81557981A8F69BD04CBEB6 /* BarDown */,
				B53AAB63140B6C982674EBE2 /* Packages */,
				FD9C3E732D534E732F513A7B /* Products */,
			);
			sourceTree = "<group>";
		};
		790203C51DCEECC45634034D /* Preview Content */ = {
			isa = PBXGroup;
			children = (
				8771D06F4188016E33A7D7FA /* Preview Assets.xcassets */,
			);
			path = "Preview Content";
			sourceTree = "<group>";
		};
		AF81557981A8F69BD04CBEB6 /* BarDown */ = {
			isa = PBXGroup;
			children = (
				F095E13490F78BE2F1A4CCEA /* Assets.xcassets */,
				523969EF31D6B0AB66D80F9B /* BarDownApp.swift */,
				D8A4138D6CA8505A5DC7259A /* ContentView.swift */,
				790203C51DCEECC45634034D /* Preview Content */,
			);
			path = BarDown;
			sourceTree = "<group>";
		};
		B53AAB63140B6C982674EBE2 /* Packages */ = {
			isa = PBXGroup;
			children = (
				006484B3F73032982001AC2C /* GlassKit */,
			);
			path = Packages;
			sourceTree = "<group>";
		};
		FD9C3E732D534E732F513A7B /* Products */ = {
			isa = PBXGroup;
			children = (
				8A0F5CAA894721BA5D64636C /* BarDown.app */,
			);
			name = Products;
			sourceTree = "<group>";
		};
/* End PBXGroup section */

/* Begin PBXNativeTarget section */
		405A4AAD1C30A3534CC573DE /* BarDown */ = {
			isa = PBXNativeTarget;
			buildConfigurationList = A15C5FD2702E8054F35EAAA4 /* Build configuration list for PBXNativeTarget "BarDown" */;
			buildPhases = (
				4BFF324B9751E47C440F265B /* Sources */,
				89F3BDAE5A1248CEAB17B640 /* Resources */,
				6BD2C3D7E268C751DED11144 /* Frameworks */,
			);
			buildRules = (
			);
			dependencies = (
			);
			name = BarDown;
			packageProductDependencies = (
				3D4CAA6464DC9A7414EC1069 /* GlassKit */,
			);
			productName = BarDown;
			productReference = 8A0F5CAA894721BA5D64636C /* BarDown.app */;
			productType = "com.apple.product-type.application";
		};
/* End PBXNativeTarget section */

/* Begin PBXProject section */
		0B99FB5A3AD7C01D291A6572 /* Project object */ = {
			isa = PBXProject;
			attributes = {
				BuildIndependentTargetsInParallel = YES;
				LastUpgradeCheck = 2620;
			};
			buildConfigurationList = DAF588326D64026C31853683 /* Build configuration list for PBXProject "BarDown" */;
			compatibilityVersion = "Xcode 14.0";
			developmentRegion = en;
			hasScannedForEncodings = 0;
			knownRegions = (
				Base,
				en,
			);
			mainGroup = 58588AD52AC5E4E19EED88FB;
			minimizedProjectReferenceProxies = 1;
			packageReferences = (
				B2AF7CCE489197084EE2D19A /* XCLocalSwiftPackageReference "Packages/GlassKit" */,
			);
			preferredProjectObjectVersion = 77;
			projectDirPath = "";
			projectRoot = "";
			targets = (
				405A4AAD1C30A3534CC573DE /* BarDown */,
			);
		};
/* End PBXProject section */

/* Begin PBXResourcesBuildPhase section */
		89F3BDAE5A1248CEAB17B640 /* Resources */ = {
			isa = PBXResourcesBuildPhase;
			buildActionMask = 2147483647;
			files = (
				0DF3D3F23E98EA124B651A81 /* Assets.xcassets in Resources */,
				72EE4086BEFEEBA1B8B9F30E /* Preview Assets.xcassets in Resources */,
			);
			runOnlyForDeploymentPostprocessing = 0;
		};
/* End PBXResourcesBuildPhase section */

/* Begin PBXSourcesBuildPhase section */
		4BFF324B9751E47C440F265B /* Sources */ = {
			isa = PBXSourcesBuildPhase;
			buildActionMask = 2147483647;
			files = (
				633E2899DBE9C7EE96522BFF /* BarDownApp.swift in Sources */,
				91E720BC6EA4D0B413BBF60C /* ContentView.swift in Sources */,
			);
			runOnlyForDeploymentPostprocessing = 0;
		};
/* End PBXSourcesBuildPhase section */

/* Begin XCBuildConfiguration section */
		6291F2339335475D27CC6DA1 /* Release */ = {
			isa = XCBuildConfiguration;
			buildSettings = {
				ASSETCATALOG_COMPILER_APPICON_NAME = AppIcon;
				ASSETCATALOG_COMPILER_GLOBAL_ACCENT_COLOR_NAME = AccentColor;
				CODE_SIGN_IDENTITY = "iPhone Developer";
				CURRENT_PROJECT_VERSION = 1;
				DEVELOPMENT_ASSET_PATHS = "\"BarDown/Preview Content\"";
				GENERATE_INFOPLIST_FILE = YES;
				INFOPLIST_GENERATION_MODE = GeneratedFile;
				LD_RUNPATH_SEARCH_PATHS = (
					"$(inherited)",
					"@executable_path/Frameworks",
				);
				MARKETING_VERSION = 1.0;
				PRODUCT_BUNDLE_IDENTIFIER = com.bardown.app;
				SDKROOT = iphoneos;
				SWIFT_EMIT_LOC_STRINGS = YES;
				TARGETED_DEVICE_FAMILY = "1,2";
			};
			name = Release;
		};
		A5B8E1076CC38A948A56E60D /* Release */ = {
			isa = XCBuildConfiguration;
			buildSettings = {
				ALWAYS_SEARCH_USER_PATHS = NO;
				CLANG_ANALYZER_NONNULL = YES;
				CLANG_ANALYZER_NUMBER_OBJECT_CONVERSION = YES_AGGRESSIVE;
				CLANG_CXX_LANGUAGE_STANDARD = "gnu++14";
				CLANG_CXX_LIBRARY = "libc++";
				CLANG_ENABLE_MODULES = YES;
				CLANG_ENABLE_OBJC_ARC = YES;
				CLANG_ENABLE_OBJC_WEAK = YES;
				CLANG_WARN_BLOCK_CAPTURE_AUTORELEASING = YES;
				CLANG_WARN_BOOL_CONVERSION = YES;
				CLANG_WARN_COMMA = YES;
				CLANG_WARN_CONSTANT_CONVERSION = YES;
				CLANG_WARN_DEPRECATED_OBJC_IMPLEMENTATIONS = YES;
				CLANG_WARN_DIRECT_OBJC_ISA_USAGE = YES_ERROR;
				CLANG_WARN_DOCUMENTATION_COMMENTS = YES;
				CLANG_WARN_EMPTY_BODY = YES;
				CLANG_WARN_ENUM_CONVERSION = YES;
				CLANG_WARN_INFINITE_RECURSION = YES;
				CLANG_WARN_INT_CONVERSION = YES;
				CLANG_WARN_NON_LITERAL_NULL_CONVERSION = YES;
				CLANG_WARN_OBJC_IMPLICIT_RETAIN_SELF = YES;
				CLANG_WARN_OBJC_LITERAL_CONVERSION = YES;
				CLANG_WARN_OBJC_ROOT_CLASS = YES_ERROR;
				CLANG_WARN_QUOTED_INCLUDE_IN_FRAMEWORK_HEADER = YES;
				CLANG_WARN_RANGE_LOOP_ANALYSIS = YES;
				CLANG_WARN_STRICT_PROTOTYPES = YES;
				CLANG_WARN_SUSPICIOUS_MOVE = YES;
				CLANG_WARN_UNGUARDED_AVAILABILITY = YES_AGGRESSIVE;
				CLANG_WARN_UNREACHABLE_CODE = YES;
				CLANG_WARN__DUPLICATE_METHOD_MATCH = YES;
				COPY_PHASE_STRIP = NO;
				DEBUG_INFORMATION_FORMAT = "dwarf-with-dsym";
				ENABLE_NS_ASSERTIONS = NO;
				ENABLE_STRICT_OBJC_MSGSEND = YES;
				GCC_C_LANGUAGE_STANDARD = gnu11;
				GCC_NO_COMMON_BLOCKS = YES;
				GCC_WARN_64_TO_32_BIT_CONVERSION = YES;
				GCC_WARN_ABOUT_RETURN_TYPE = YES_ERROR;
				GCC_WARN_UNDECLARED_SELECTOR = YES;
				GCC_WARN_UNINITIALIZED_AUTOS = YES_AGGRESSIVE;
				GCC_WARN_UNUSED_FUNCTION = YES;
				GCC_WARN_UNUSED_VARIABLE = YES;
				IPHONEOS_DEPLOYMENT_TARGET = 26.0;
				MTL_ENABLE_DEBUG_INFO = NO;
				MTL_FAST_MATH = YES;
				PRODUCT_NAME = "$(TARGET_NAME)";
				SDKROOT = iphoneos;
				SWIFT_COMPILATION_MODE = wholemodule;
				SWIFT_OPTIMIZATION_LEVEL = "-O";
				SWIFT_VERSION = 6;
				TARGETED_DEVICE_FAMILY = "1,2";
			};
			name = Release;
		};
		C115215EAFB5DB4857083F3E /* Debug */ = {
			isa = XCBuildConfiguration;
			buildSettings = {
				ALWAYS_SEARCH_USER_PATHS = NO;
				CLANG_ANALYZER_NONNULL = YES;
				CLANG_ANALYZER_NUMBER_OBJECT_CONVERSION = YES_AGGRESSIVE;
				CLANG_CXX_LANGUAGE_STANDARD = "gnu++14";
				CLANG_CXX_LIBRARY = "libc++";
				CLANG_ENABLE_MODULES = YES;
				CLANG_ENABLE_OBJC_ARC = YES;
				CLANG_ENABLE_OBJC_WEAK = YES;
				CLANG_WARN_BLOCK_CAPTURE_AUTORELEASING = YES;
				CLANG_WARN_BOOL_CONVERSION = YES;
				CLANG_WARN_COMMA = YES;
				CLANG_WARN_CONSTANT_CONVERSION = YES;
				CLANG_WARN_DEPRECATED_OBJC_IMPLEMENTATIONS = YES;
				CLANG_WARN_DIRECT_OBJC_ISA_USAGE = YES_ERROR;
				CLANG_WARN_DOCUMENTATION_COMMENTS = YES;
				CLANG_WARN_EMPTY_BODY = YES;
				CLANG_WARN_ENUM_CONVERSION = YES;
				CLANG_WARN_INFINITE_RECURSION = YES;
				CLANG_WARN_INT_CONVERSION = YES;
				CLANG_WARN_NON_LITERAL_NULL_CONVERSION = YES;
				CLANG_WARN_OBJC_IMPLICIT_RETAIN_SELF = YES;
				CLANG_WARN_OBJC_LITERAL_CONVERSION = YES;
				CLANG_WARN_OBJC_ROOT_CLASS = YES_ERROR;
				CLANG_WARN_QUOTED_INCLUDE_IN_FRAMEWORK_HEADER = YES;
				CLANG_WARN_RANGE_LOOP_ANALYSIS = YES;
				CLANG_WARN_STRICT_PROTOTYPES = YES;
				CLANG_WARN_SUSPICIOUS_MOVE = YES;
				CLANG_WARN_UNGUARDED_AVAILABILITY = YES_AGGRESSIVE;
				CLANG_WARN_UNREACHABLE_CODE = YES;
				CLANG_WARN__DUPLICATE_METHOD_MATCH = YES;
				COPY_PHASE_STRIP = NO;
				DEBUG_INFORMATION_FORMAT = dwarf;
				ENABLE_STRICT_OBJC_MSGSEND = YES;
				ENABLE_TESTABILITY = YES;
				GCC_C_LANGUAGE_STANDARD = gnu11;
				GCC_DYNAMIC_NO_PIC = NO;
				GCC_NO_COMMON_BLOCKS = YES;
				GCC_OPTIMIZATION_LEVEL = 0;
				GCC_PREPROCESSOR_DEFINITIONS = (
					"$(inherited)",
					"DEBUG=1",
				);
				GCC_WARN_64_TO_32_BIT_CONVERSION = YES;
				GCC_WARN_ABOUT_RETURN_TYPE = YES_ERROR;
				GCC_WARN_UNDECLARED_SELECTOR = YES;
				GCC_WARN_UNINITIALIZED_AUTOS = YES_AGGRESSIVE;
				GCC_WARN_UNUSED_FUNCTION = YES;
				GCC_WARN_UNUSED_VARIABLE = YES;
				IPHONEOS_DEPLOYMENT_TARGET = 26.0;
				MTL_ENABLE_DEBUG_INFO = INCLUDE_SOURCE;
				MTL_FAST_MATH = YES;
				ONLY_ACTIVE_ARCH = YES;
				PRODUCT_NAME = "$(TARGET_NAME)";
				SDKROOT = iphoneos;
				SWIFT_ACTIVE_COMPILATION_CONDITIONS = DEBUG;
				SWIFT_OPTIMIZATION_LEVEL = "-Onone";
				SWIFT_VERSION = 6;
				TARGETED_DEVICE_FAMILY = "1,2";
			};
			name = Debug;
		};
		EF60AC14F2902A3BB90C25AB /* Debug */ = {
			isa = XCBuildConfiguration;
			buildSettings = {
				ASSETCATALOG_COMPILER_APPICON_NAME = AppIcon;
				ASSETCATALOG_COMPILER_GLOBAL_ACCENT_COLOR_NAME = AccentColor;
				CODE_SIGN_IDENTITY = "iPhone Developer";
				CURRENT_PROJECT_VERSION = 1;
				DEVELOPMENT_ASSET_PATHS = "\"BarDown/Preview Content\"";
				GENERATE_INFOPLIST_FILE = YES;
				INFOPLIST_GENERATION_MODE = GeneratedFile;
				LD_RUNPATH_SEARCH_PATHS = (
					"$(inherited)",
					"@executable_path/Frameworks",
				);
				MARKETING_VERSION = 1.0;
				PRODUCT_BUNDLE_IDENTIFIER = com.bardown.app;
				SDKROOT = iphoneos;
				SWIFT_EMIT_LOC_STRINGS = YES;
				TARGETED_DEVICE_FAMILY = "1,2";
			};
			name = Debug;
		};
/* End XCBuildConfiguration section */

/* Begin XCConfigurationList section */
		A15C5FD2702E8054F35EAAA4 /* Build configuration list for PBXNativeTarget "BarDown" */ = {
			isa = XCConfigurationList;
			buildConfigurations = (
				EF60AC14F2902A3BB90C25AB /* Debug */,
				6291F2339335475D27CC6DA1 /* Release */,
			);
			defaultConfigurationIsVisible = 0;
			defaultConfigurationName = Debug;
		};
		DAF588326D64026C31853683 /* Build configuration list for PBXProject "BarDown" */ = {
			isa = XCConfigurationList;
			buildConfigurations = (
				C115215EAFB5DB4857083F3E /* Debug */,
				A5B8E1076CC38A948A56E60D /* Release */,
			);
			defaultConfigurationIsVisible = 0;
			defaultConfigurationName = Debug;
		};
/* End XCConfigurationList section */

/* Begin XCLocalSwiftPackageReference section */
		B2AF7CCE489197084EE2D19A /* XCLocalSwiftPackageReference "Packages/GlassKit" */ = {
			isa = XCLocalSwiftPackageReference;
			relativePath = Packages/GlassKit;
		};
/* End XCLocalSwiftPackageReference section */

/* Begin XCSwiftPackageProductDependency section */
		3D4CAA6464DC9A7414EC1069 /* GlassKit */ = {
			isa = XCSwiftPackageProductDependency;
			productName = GlassKit;
		};
/* End XCSwiftPackageProductDependency section */
	};
	rootObject = 0B99FB5A3AD7C01D291A6572 /* Project object */;
}
